
Microsoft Visual Studio Solution File, Format Version 12.00
# Visual Studio Version 16
VisualStudioVersion = 16.0.30717.126
MinimumVisualStudioVersion = 10.0.40219.1
Project("{8BC9CEB8-8B4A-11D0-8D11-00A0C91BC942}") = "dz1", "dz1.vcxproj", "{BF99CB49-3B20-452A-A588-B9E7D8AA1D81}"
EndProject
Global
	GlobalSection(SolutionConfigurationPlatforms) = preSolution
		Debug|x64 = Debug|x64
		Debug|x86 = Debug|x86
		Release|x64 = Release|x64
		Release|x86 = Release|x86
	EndGlobalSection
	GlobalSection(ProjectConfigurationPlatforms) = postSolution
		{BF99CB49-3B20-452A-A588-B9E7D8AA1D81}.Debug|x64.ActiveCfg = Debug|x64
		{BF99CB49-3B20-452A-A588-B9E7D8AA1D81}.Debug|x64.Build.0 = Debug|x64
		{BF99CB49-3B20-452A-A588-B9E7D8AA1D81}.Debug|x86.ActiveCfg = Debug|Win32
		{BF99CB49-3B20-452A-A588-B9E7D8AA1D81}.Debug|x86.Build.0 = Debug|Win32
		{BF99CB49-3B20-452A-A588-B9E7D8AA1D81}.Release|x64.ActiveCfg = Release|x64
		{BF99CB49-3B20-452A-A588-B9E7D8AA1D81}.Release|x64.Build.0 = Release|x64
		{BF99CB49-3B20-452A-A588-B9E7D8AA1D81}.Release|x86.ActiveCfg = Release|Win32
		{BF99CB49-3B20-452A-A588-B9E7D8AA1D81}.Release|x86.Build.0 = Release|Win32
	EndGlobalSection
	GlobalSection(SolutionProperties) = preSolution
		HideSolutionNode = FALSE
	EndGlobalSection
	GlobalSection(ExtensibilityGlobals) = postSolution
		SolutionGuid = {97F8A543-D218-4102-B959-4C6C8D87CAD9}
	EndGlobalSection
EndGlobal
